{
  "nodes": {
    "nixos-hardware": {
      "locked": {
        "lastModified": 1764440730,
        "narHash": "sha256-ZlJTNLUKQRANlLDomuRWLBCH5792x+6XUJ4YdFRjtO4=",
        "owner": "NixOS",
        "repo": "nixos-hardware",
        "rev": "9154f4569b6cdfd3c595851a6ba51bfaa472d9f3",
        "type": "github"
      },
      "original": {
        "owner": "NixOS",
        "ref": "master",
        "repo": "nixos-hardware",
        "type": "github"
      }
    },
    "nixpkgs": {
      "locked": {
        "lastModified": 1765363881,
        "narHash": "sha256-3C3xWn8/2Zzr7sxVBmpc1H1QfxjNfta5IMFe3O9ZEPw=",
        "owner": "nixos",
        "repo": "nixpkgs",
        "rev": "d2b1213bf5ec5e62d96b003ab4b5cbc42abfc0d0",
        "type": "github"
      },
      "original": {
        "owner": "nixos",
        "ref": "nixos-25.05",
        "repo": "nixpkgs",
        "type": "github"
      }
    },
    "root": {
      "inputs": {
        "nixos-hardware": "nixos-hardware",
        "nixpkgs": "nixpkgs",
        "sops-nix": "sops-nix"
      }
    },
    "sops-nix": {
      "inputs": {
        "nixpkgs": [
          "nixpkgs"
        ]
      },
      "locked": {
        "lastModified": 1765684837,
        "narHash": "sha256-fJCnsYcpQxxy/wit9EBOK33c0Z9U4D3Tvo3gf2mvHos=",
        "owner": "Mic92",
        "repo": "sops-nix",
        "rev": "94d8af61d8a603d33d1ed3500a33fcf35ae7d3bc",
        "type": "github"
      },
      "original": {
        "owner": "Mic92",
        "repo": "sops-nix",
        "type": "github"
      }
    }
  },
  "root": "root",
  "version": 7
}
